
Microsoft Visual Studio Solution File, Format Version 12.00
# Visual Studio Version 17
VisualStudioVersion = 17.7.34221.43
MinimumVisualStudioVersion = 10.0.40219.1
Project("{FAE04EC0-301F-11D3-BF4B-00C04F79EFBC}") = "ProjetoEstacionamento", "ProjetoEstacionamento\ProjetoEstacionamento.csproj", "{76DCD7F7-E6DC-4FBE-AD32-E4362A71B506}"
EndProject
Project("{FAE04EC0-301F-11D3-BF4B-00C04F79EFBC}") = "TestesEstacionamento", "TestesEstacionamento\TestesEstacionamento.csproj", "{981B4D9D-CEFD-4178-9026-8FAC1C01C3BA}"
EndProject
Global
	GlobalSection(SolutionConfigurationPlatforms) = preSolution
		Debug|Any CPU = Debug|Any CPU
		Release|Any CPU = Release|Any CPU
	EndGlobalSection
	GlobalSection(ProjectConfigurationPlatforms) = postSolution
		{76DCD7F7-E6DC-4FBE-AD32-E4362A71B506}.Debug|Any CPU.ActiveCfg = Debug|Any CPU
		{76DCD7F7-E6DC-4FBE-AD32-E4362A71B506}.Debug|Any CPU.Build.0 = Debug|Any CPU
		{76DCD7F7-E6DC-4FBE-AD32-E4362A71B506}.Release|Any CPU.ActiveCfg = Release|Any CPU
		{76DCD7F7-E6DC-4FBE-AD32-E4362A71B506}.Release|Any CPU.Build.0 = Release|Any CPU
		{981B4D9D-CEFD-4178-9026-8FAC1C01C3BA}.Debug|Any CPU.ActiveCfg = Debug|Any CPU
		{981B4D9D-CEFD-4178-9026-8FAC1C01C3BA}.Debug|Any CPU.Build.0 = Debug|Any CPU
		{981B4D9D-CEFD-4178-9026-8FAC1C01C3BA}.Release|Any CPU.ActiveCfg = Release|Any CPU
		{981B4D9D-CEFD-4178-9026-8FAC1C01C3BA}.Release|Any CPU.Build.0 = Release|Any CPU
	EndGlobalSection
	GlobalSection(SolutionProperties) = preSolution
		HideSolutionNode = FALSE
	EndGlobalSection
	GlobalSection(ExtensibilityGlobals) = postSolution
		SolutionGuid = {A7B8FBDF-4237-4FD7-AFEC-ABDD1762C12C}
	EndGlobalSection
EndGlobal
